
Microsoft Visual Studio Solution File, Format Version 12.00
# Visual Studio Version 17
VisualStudioVersion = 17.5.33627.172
MinimumVisualStudioVersion = 10.0.40219.1
Project("{FAE04EC0-301F-11D3-BF4B-00C04F79EFBC}") = "FinalProject", "FinalProject\FinalProject.csproj", "{7D325E95-0D3E-49A5-97F6-E1230F3FCD69}"
EndProject
Global
	GlobalSection(SolutionConfigurationPlatforms) = preSolution
		Debug|Any CPU = Debug|Any CPU
		Release|Any CPU = Release|Any CPU
	EndGlobalSection
	GlobalSection(ProjectConfigurationPlatforms) = postSolution
		{7D325E95-0D3E-49A5-97F6-E1230F3FCD69}.Debug|Any CPU.ActiveCfg = Debug|Any CPU
		{7D325E95-0D3E-49A5-97F6-E1230F3FCD69}.Debug|Any CPU.Build.0 = Debug|Any CPU
		{7D325E95-0D3E-49A5-97F6-E1230F3FCD69}.Release|Any CPU.ActiveCfg = Release|Any CPU
		{7D325E95-0D3E-49A5-97F6-E1230F3FCD69}.Release|Any CPU.Build.0 = Release|Any CPU
	EndGlobalSection
	GlobalSection(SolutionProperties) = preSolution
		HideSolutionNode = FALSE
	EndGlobalSection
	GlobalSection(ExtensibilityGlobals) = postSolution
		SolutionGuid = {40842E8D-195E-4ACF-984B-15FBA4C6F023}
	EndGlobalSection
EndGlobal
